
Microsoft Visual Studio Solution File, Format Version 12.00
# Visual Studio 14
VisualStudioVersion = 14.0.25420.1
MinimumVisualStudioVersion = 10.0.40219.1
Project("{8BC9CEB8-8B4A-11D0-8D11-00A0C91BC942}") = "SimpleScene", "SimpleScene\SimpleScene.vcxproj", "{9123FABA-AF96-4941-B549-BADD0D175A4E}"
EndProject
Project("{8BC9CEB8-8B4A-11D0-8D11-00A0C91BC942}") = "Sounds", "Sounds\Sounds.vcxproj", "{44B72879-9D61-4185-9863-D173A43E06EB}"
EndProject
Project("{8BC9CEB8-8B4A-11D0-8D11-00A0C91BC942}") = "GodRays", "GodRays\GodRays.vcxproj", "{2B9B0F54-5AC3-4F53-8AEC-3D2DFEE1E931}"
EndProject
Project("{8BC9CEB8-8B4A-11D0-8D11-00A0C91BC942}") = "Text", "Text\Text.vcxproj", "{D3B6116C-F7F8-498B-BE2F-1B0E25F05E60}"
EndProject
Project("{8BC9CEB8-8B4A-11D0-8D11-00A0C91BC942}") = "Input", "Input\Input.vcxproj", "{E6F7086A-67D7-492D-B768-2D2DA31EA845}"
EndProject
Project("{8BC9CEB8-8B4A-11D0-8D11-00A0C91BC942}") = "Particles", "Particles\Particles.vcxproj", "{6AD207F6-10C9-416F-BF41-3879A82DC22C}"
EndProject
Project("{8BC9CEB8-8B4A-11D0-8D11-00A0C91BC942}") = "Sprites", "Sprites\Sprites.vcxproj", "{D95F15BF-15DA-40A9-8F5C-A677F808906E}"
EndProject
Project("{8BC9CEB8-8B4A-11D0-8D11-00A0C91BC942}") = "Components", "Components\Components.vcxproj", "{61D7F2C4-2231-4D15-90BB-C7E9232415FF}"
EndProject
Project("{8BC9CEB8-8B4A-11D0-8D11-00A0C91BC942}") = "Lighting", "Lighting\Lighting.vcxproj", "{AF0E3A87-67EE-478C-B39A-9009B7B935B0}"
EndProject
Project("{2150E333-8FDC-42A3-9474-1A3956D46DE8}") = "Shaders", "Shaders", "{FCDE7C34-6C59-48DB-80A9-C5553164E09C}"
	ProjectSection(SolutionItems) = preProject
		Workspace\Shaders\Composite.shader = Workspace\Shaders\Composite.shader
		Workspace\Shaders\LambertShadow.shader = Workspace\Shaders\LambertShadow.shader
		Workspace\Shaders\PhysicallyBased.shader = Workspace\Shaders\PhysicallyBased.shader
		Workspace\Shaders\Radial.shader = Workspace\Shaders\Radial.shader
		Workspace\Shaders\Simple.shader = Workspace\Shaders\Simple.shader
	EndProjectSection
EndProject
Project("{2150E333-8FDC-42A3-9474-1A3956D46DE8}") = "Default", "Default", "{1C6EAF72-87B5-4979-844B-923C2A82030F}"
	ProjectSection(SolutionItems) = preProject
		Workspace\Shaders\Default\FlatColor.shader = Workspace\Shaders\Default\FlatColor.shader
		Workspace\Shaders\Default\Font.shader = Workspace\Shaders\Default\Font.shader
		Workspace\Shaders\Default\Lambert.shader = Workspace\Shaders\Default\Lambert.shader
		Workspace\Shaders\Default\ParticleBillBoard.shader = Workspace\Shaders\Default\ParticleBillBoard.shader
		Workspace\Shaders\Default\Sprite.shader = Workspace\Shaders\Default\Sprite.shader
	EndProjectSection
EndProject
Project("{8BC9CEB8-8B4A-11D0-8D11-00A0C91BC942}") = "Shadows", "Shadows\Shadows.vcxproj", "{00E58974-5DD7-43E5-BE01-86E33B4BEA43}"
EndProject
Global
	GlobalSection(SolutionConfigurationPlatforms) = preSolution
		Debug|Win32 = Debug|Win32
		Debug|x64 = Debug|x64
		Release|Win32 = Release|Win32
		Release|x64 = Release|x64
	EndGlobalSection
	GlobalSection(ProjectConfigurationPlatforms) = postSolution
		{9123FABA-AF96-4941-B549-BADD0D175A4E}.Debug|Win32.ActiveCfg = Debug|Win32
		{9123FABA-AF96-4941-B549-BADD0D175A4E}.Debug|Win32.Build.0 = Debug|Win32
		{9123FABA-AF96-4941-B549-BADD0D175A4E}.Debug|x64.ActiveCfg = Debug|x64
		{9123FABA-AF96-4941-B549-BADD0D175A4E}.Debug|x64.Build.0 = Debug|x64
		{9123FABA-AF96-4941-B549-BADD0D175A4E}.Release|Win32.ActiveCfg = Release|Win32
		{9123FABA-AF96-4941-B549-BADD0D175A4E}.Release|Win32.Build.0 = Release|Win32
		{9123FABA-AF96-4941-B549-BADD0D175A4E}.Release|x64.ActiveCfg = Release|x64
		{9123FABA-AF96-4941-B549-BADD0D175A4E}.Release|x64.Build.0 = Release|x64
		{44B72879-9D61-4185-9863-D173A43E06EB}.Debug|Win32.ActiveCfg = Debug|Win32
		{44B72879-9D61-4185-9863-D173A43E06EB}.Debug|Win32.Build.0 = Debug|Win32
		{44B72879-9D61-4185-9863-D173A43E06EB}.Debug|x64.ActiveCfg = Debug|x64
		{44B72879-9D61-4185-9863-D173A43E06EB}.Debug|x64.Build.0 = Debug|x64
		{44B72879-9D61-4185-9863-D173A43E06EB}.Release|Win32.ActiveCfg = Release|Win32
		{44B72879-9D61-4185-9863-D173A43E06EB}.Release|Win32.Build.0 = Release|Win32
		{44B72879-9D61-4185-9863-D173A43E06EB}.Release|x64.ActiveCfg = Release|x64
		{44B72879-9D61-4185-9863-D173A43E06EB}.Release|x64.Build.0 = Release|x64
		{2B9B0F54-5AC3-4F53-8AEC-3D2DFEE1E931}.Debug|Win32.ActiveCfg = Debug|Win32
		{2B9B0F54-5AC3-4F53-8AEC-3D2DFEE1E931}.Debug|Win32.Build.0 = Debug|Win32
		{2B9B0F54-5AC3-4F53-8AEC-3D2DFEE1E931}.Debug|x64.ActiveCfg = Debug|x64
		{2B9B0F54-5AC3-4F53-8AEC-3D2DFEE1E931}.Debug|x64.Build.0 = Debug|x64
		{2B9B0F54-5AC3-4F53-8AEC-3D2DFEE1E931}.Release|Win32.ActiveCfg = Release|Win32
		{2B9B0F54-5AC3-4F53-8AEC-3D2DFEE1E931}.Release|Win32.Build.0 = Release|Win32
		{2B9B0F54-5AC3-4F53-8AEC-3D2DFEE1E931}.Release|x64.ActiveCfg = Release|x64
		{2B9B0F54-5AC3-4F53-8AEC-3D2DFEE1E931}.Release|x64.Build.0 = Release|x64
		{D3B6116C-F7F8-498B-BE2F-1B0E25F05E60}.Debug|Win32.ActiveCfg = Debug|Win32
		{D3B6116C-F7F8-498B-BE2F-1B0E25F05E60}.Debug|Win32.Build.0 = Debug|Win32
		{D3B6116C-F7F8-498B-BE2F-1B0E25F05E60}.Debug|x64.ActiveCfg = Debug|x64
		{D3B6116C-F7F8-498B-BE2F-1B0E25F05E60}.Debug|x64.Build.0 = Debug|x64
		{D3B6116C-F7F8-498B-BE2F-1B0E25F05E60}.Release|Win32.ActiveCfg = Release|Win32
		{D3B6116C-F7F8-498B-BE2F-1B0E25F05E60}.Release|Win32.Build.0 = Release|Win32
		{D3B6116C-F7F8-498B-BE2F-1B0E25F05E60}.Release|x64.ActiveCfg = Release|x64
		{D3B6116C-F7F8-498B-BE2F-1B0E25F05E60}.Release|x64.Build.0 = Release|x64
		{E6F7086A-67D7-492D-B768-2D2DA31EA845}.Debug|Win32.ActiveCfg = Debug|Win32
		{E6F7086A-67D7-492D-B768-2D2DA31EA845}.Debug|Win32.Build.0 = Debug|Win32
		{E6F7086A-67D7-492D-B768-2D2DA31EA845}.Debug|x64.ActiveCfg = Debug|x64
		{E6F7086A-67D7-492D-B768-2D2DA31EA845}.Debug|x64.Build.0 = Debug|x64
		{E6F7086A-67D7-492D-B768-2D2DA31EA845}.Release|Win32.ActiveCfg = Release|Win32
		{E6F7086A-67D7-492D-B768-2D2DA31EA845}.Release|Win32.Build.0 = Release|Win32
		{E6F7086A-67D7-492D-B768-2D2DA31EA845}.Release|x64.ActiveCfg = Release|x64
		{E6F7086A-67D7-492D-B768-2D2DA31EA845}.Release|x64.Build.0 = Release|x64
		{6AD207F6-10C9-416F-BF41-3879A82DC22C}.Debug|Win32.ActiveCfg = Debug|Win32
		{6AD207F6-10C9-416F-BF41-3879A82DC22C}.Debug|Win32.Build.0 = Debug|Win32
		{6AD207F6-10C9-416F-BF41-3879A82DC22C}.Debug|x64.ActiveCfg = Debug|x64
		{6AD207F6-10C9-416F-BF41-3879A82DC22C}.Debug|x64.Build.0 = Debug|x64
		{6AD207F6-10C9-416F-BF41-3879A82DC22C}.Release|Win32.ActiveCfg = Release|Win32
		{6AD207F6-10C9-416F-BF41-3879A82DC22C}.Release|Win32.Build.0 = Release|Win32
		{6AD207F6-10C9-416F-BF41-3879A82DC22C}.Release|x64.ActiveCfg = Release|x64
		{6AD207F6-10C9-416F-BF41-3879A82DC22C}.Release|x64.Build.0 = Release|x64
		{D95F15BF-15DA-40A9-8F5C-A677F808906E}.Debug|Win32.ActiveCfg = Debug|Win32
		{D95F15BF-15DA-40A9-8F5C-A677F808906E}.Debug|Win32.Build.0 = Debug|Win32
		{D95F15BF-15DA-40A9-8F5C-A677F808906E}.Debug|x64.ActiveCfg = Debug|x64
		{D95F15BF-15DA-40A9-8F5C-A677F808906E}.Debug|x64.Build.0 = Debug|x64
		{D95F15BF-15DA-40A9-8F5C-A677F808906E}.Release|Win32.ActiveCfg = Release|Win32
		{D95F15BF-15DA-40A9-8F5C-A677F808906E}.Release|Win32.Build.0 = Release|Win32
		{D95F15BF-15DA-40A9-8F5C-A677F808906E}.Release|x64.ActiveCfg = Release|x64
		{D95F15BF-15DA-40A9-8F5C-A677F808906E}.Release|x64.Build.0 = Release|x64
		{61D7F2C4-2231-4D15-90BB-C7E9232415FF}.Debug|Win32.ActiveCfg = Debug|Win32
		{61D7F2C4-2231-4D15-90BB-C7E9232415FF}.Debug|Win32.Build.0 = Debug|Win32
		{61D7F2C4-2231-4D15-90BB-C7E9232415FF}.Debug|x64.ActiveCfg = Debug|x64
		{61D7F2C4-2231-4D15-90BB-C7E9232415FF}.Debug|x64.Build.0 = Debug|x64
		{61D7F2C4-2231-4D15-90BB-C7E9232415FF}.Release|Win32.ActiveCfg = Release|Win32
		{61D7F2C4-2231-4D15-90BB-C7E9232415FF}.Release|Win32.Build.0 = Release|Win32
		{61D7F2C4-2231-4D15-90BB-C7E9232415FF}.Release|x64.ActiveCfg = Release|x64
		{61D7F2C4-2231-4D15-90BB-C7E9232415FF}.Release|x64.Build.0 = Release|x64
		{AF0E3A87-67EE-478C-B39A-9009B7B935B0}.Debug|Win32.ActiveCfg = Debug|Win32
		{AF0E3A87-67EE-478C-B39A-9009B7B935B0}.Debug|Win32.Build.0 = Debug|Win32
		{AF0E3A87-67EE-478C-B39A-9009B7B935B0}.Debug|x64.ActiveCfg = Debug|Win32
		{AF0E3A87-67EE-478C-B39A-9009B7B935B0}.Release|Win32.ActiveCfg = Release|Win32
		{AF0E3A87-67EE-478C-B39A-9009B7B935B0}.Release|Win32.Build.0 = Release|Win32
		{AF0E3A87-67EE-478C-B39A-9009B7B935B0}.Release|x64.ActiveCfg = Release|Win32
		{00E58974-5DD7-43E5-BE01-86E33B4BEA43}.Debug|Win32.ActiveCfg = Debug|Win32
		{00E58974-5DD7-43E5-BE01-86E33B4BEA43}.Debug|Win32.Build.0 = Debug|Win32
		{00E58974-5DD7-43E5-BE01-86E33B4BEA43}.Debug|x64.ActiveCfg = Debug|x64
		{00E58974-5DD7-43E5-BE01-86E33B4BEA43}.Debug|x64.Build.0 = Debug|x64
		{00E58974-5DD7-43E5-BE01-86E33B4BEA43}.Release|Win32.ActiveCfg = Release|Win32
		{00E58974-5DD7-43E5-BE01-86E33B4BEA43}.Release|Win32.Build.0 = Release|Win32
		{00E58974-5DD7-43E5-BE01-86E33B4BEA43}.Release|x64.ActiveCfg = Release|x64
		{00E58974-5DD7-43E5-BE01-86E33B4BEA43}.Release|x64.Build.0 = Release|x64
	EndGlobalSection
	GlobalSection(SolutionProperties) = preSolution
		HideSolutionNode = FALSE
	EndGlobalSection
	GlobalSection(NestedProjects) = preSolution
		{1C6EAF72-87B5-4979-844B-923C2A82030F} = {FCDE7C34-6C59-48DB-80A9-C5553164E09C}
	EndGlobalSection
EndGlobal
