<?xml version="1.0" encoding="utf-8"?>
<Project ToolsVersion="4.0" xmlns="http://schemas.microsoft.com/developer/msbuild/2003">
  <ItemGroup>
    <Filter Include="Resource Files">
      <UniqueIdentifier>{67DA6AB6-F800-4c08-8B7A-83BB121AAD01}</UniqueIdentifier>
      <Extensions>rc;ico;cur;bmp;dlg;rc2;rct;bin;rgs;gif;jpg;jpeg;jpe;resx;tiff;tif;png;wav;mfcribbon-ms</Extensions>
    </Filter>
    <Filter Include="Shaders">
      <UniqueIdentifier>{b8b34e2d-d924-4edf-aa4d-08c516d88362}</UniqueIdentifier>
    </Filter>
    <Filter Include="Shaders\Default">
      <UniqueIdentifier>{ad45dfd3-b245-4dfe-81d6-37302102494f}</UniqueIdentifier>
    </Filter>
  </ItemGroup>
  <ItemGroup>
    <ClCompile Include="main.cpp" />
    <ClCompile Include="Game.cpp" />
    <ClCompile Include="VelocityFunc.cpp" />
    <ClCompile Include="WaveFunc.cpp" />
  </ItemGroup>
  <ItemGroup>
    <ClInclude Include="Game.h" />
    <ClInclude Include="VelocityFunc.h" />
    <ClInclude Include="WaveFunc.h" />
  </ItemGroup>
  <ItemGroup>
    <None Include="Assets\Shaders\Default\Font.shader">
      <Filter>Shaders\Default</Filter>
    </None>
    <None Include="Settings.cfg" />
    <None Include="Assets\Shaders\Default\Lambert.shader">
      <Filter>Shaders\Default</Filter>
    </None>
    <None Include="Assets\Shaders\Default\ParticleBillBoard.shader">
      <Filter>Shaders\Default</Filter>
    </None>
    <None Include="Assets\Shaders\Default\Sprite.shader">
      <Filter>Shaders\Default</Filter>
    </None>
  </ItemGroup>
</Project>